{
  "name": "24.1",
  "version": "1.0.0",
  "lockfileVersion": 3,
  "requires": true,
  "packages": {
    "": {
      "name": "24.1",
      "version": "1.0.0",
      "license": "ISC",
      "dependencies": {
        "@trpc/client": "^11.0.0-rc.477",
        "@trpc/server": "^11.0.0-rc.477",
        "zod": "^3.23.8"
      }
    },
    "node_modules/@trpc/client": {
      "version": "11.0.0-rc.477",
      "resolved": "https://registry.npmjs.org/@trpc/client/-/client-11.0.0-rc.477.tgz",
      "integrity": "sha512-Ah/Er3vxTm2bIEUcIrike7Z/8Yc+DkFveU2ZHQQ0+zY7yxs931438+4OEJuY/Xl/0p5OTDeZTm6HBuZ1REFiyA==",
      "funding": [
        "https://trpc.io/sponsor"
      ],
      "license": "MIT",
      "peerDependencies": {
        "@trpc/server": "11.0.0-rc.477+a467f8314"
      }
    },
    "node_modules/@trpc/server": {
      "version": "11.0.0-rc.477",
      "resolved": "https://registry.npmjs.org/@trpc/server/-/server-11.0.0-rc.477.tgz",
      "integrity": "sha512-K6zmjRv96fWilqm/ETehEK1DWsy5bSyrs2xbsNzCbjguMgamMhOClRHgYzJcwgLp2kasJ7QgD9YbahOhV1/u1w==",
      "funding": [
        "https://trpc.io/sponsor"
      ],
      "license": "MIT"
    },
    "node_modules/zod": {
      "version": "3.23.8",
      "resolved": "https://registry.npmjs.org/zod/-/zod-3.23.8.tgz",
      "integrity": "sha512-XBx9AXhXktjUqnepgTiE5flcKIYWi/rme0Eaj+5Y0lftuGBq+jyRu/md4WnuxqgP1ubdpNCsYEYPxrzVHD8d6g==",
      "license": "MIT",
      "funding": {
        "url": "https://github.com/sponsors/colinhacks"
      }
    }
  }
}
